{
  "name": "repeater14-dev",
  "lockfileVersion": 3,
  "requires": true,
  "packages": {
    "": {
      "name": "repeater14-dev",
      "dependencies": {
        "repeater14": "file:../repeater14"
      }
    },
    "../repeater14": {
      "version": "0.0.0",
      "dependencies": {
        "eventemitter3": "^5.0.1",
        "matter-js": "^0.19.0",
        "planck": "^1.0.0-alpha.4",
        "three": "^0.154.0",
        "three.interactive": "^1.7.0",
        "uuid": "^9.0.0"
      },
      "devDependencies": {
        "@types/matter-js": "^0.18.5",
        "@types/three": "^0.152.1"
      }
    },
    "node_modules/repeater14": {
      "resolved": "../repeater14",
      "link": true
    }
  }
}
